
Microsoft Visual Studio Solution File, Format Version 11.00
# Visual Studio 2010
Project("{FAE04EC0-301F-11D3-BF4B-00C04F79EFBC}") = "DelegatesAndEvents", "DelegatesAndEvents\DelegatesAndEvents.csproj", "{0936A5BC-1878-49E0-90BA-25267A00ABAB}"
EndProject
Project("{FAE04EC0-301F-11D3-BF4B-00C04F79EFBC}") = "IndexerAndProperties", "Indexer\IndexerAndProperties.csproj", "{81B36991-1B00-41DA-97D3-404B02AA3FF2}"
EndProject
Project("{FAE04EC0-301F-11D3-BF4B-00C04F79EFBC}") = "HelloCS247L", "HelloCS247L\HelloCS247L.csproj", "{B7CC22F5-82B7-4EAF-AC7E-EE616F8E2844}"
EndProject
Global
	GlobalSection(SolutionConfigurationPlatforms) = preSolution
		Debug|x86 = Debug|x86
		Release|x86 = Release|x86
	EndGlobalSection
	GlobalSection(ProjectConfigurationPlatforms) = postSolution
		{0936A5BC-1878-49E0-90BA-25267A00ABAB}.Debug|x86.ActiveCfg = Debug|x86
		{0936A5BC-1878-49E0-90BA-25267A00ABAB}.Debug|x86.Build.0 = Debug|x86
		{0936A5BC-1878-49E0-90BA-25267A00ABAB}.Release|x86.ActiveCfg = Release|x86
		{0936A5BC-1878-49E0-90BA-25267A00ABAB}.Release|x86.Build.0 = Release|x86
		{81B36991-1B00-41DA-97D3-404B02AA3FF2}.Debug|x86.ActiveCfg = Debug|x86
		{81B36991-1B00-41DA-97D3-404B02AA3FF2}.Debug|x86.Build.0 = Debug|x86
		{81B36991-1B00-41DA-97D3-404B02AA3FF2}.Release|x86.ActiveCfg = Release|x86
		{81B36991-1B00-41DA-97D3-404B02AA3FF2}.Release|x86.Build.0 = Release|x86
		{B7CC22F5-82B7-4EAF-AC7E-EE616F8E2844}.Debug|x86.ActiveCfg = Debug|x86
		{B7CC22F5-82B7-4EAF-AC7E-EE616F8E2844}.Debug|x86.Build.0 = Debug|x86
		{B7CC22F5-82B7-4EAF-AC7E-EE616F8E2844}.Release|x86.ActiveCfg = Release|x86
		{B7CC22F5-82B7-4EAF-AC7E-EE616F8E2844}.Release|x86.Build.0 = Release|x86
	EndGlobalSection
	GlobalSection(SolutionProperties) = preSolution
		HideSolutionNode = FALSE
	EndGlobalSection
EndGlobal
